// !$*UTF8*$!
{
	archiveVersion = 1;
	classes = {
	};
	objectVersion = 55;
	objects = {

/* Begin PBXBuildFile section */
		13A8FD3428221563003CC15A /* AppDelegate.m in Sources */ = {isa = PBXBuildFile; fileRef = 13A8FD3328221563003CC15A /* AppDelegate.m */; };
		13A8FD3728221563003CC15A /* SceneDelegate.m in Sources */ = {isa = PBXBuildFile; fileRef = 13A8FD3628221563003CC15A /* SceneDelegate.m */; };
		13A8FD3A28221563003CC15A /* ViewController.m in Sources */ = {isa = PBXBuildFile; fileRef = 13A8FD3928221563003CC15A /* ViewController.m */; };
		13A8FD3D28221563003CC15A /* Main.storyboard in Resources */ = {isa = PBXBuildFile; fileRef = 13A8FD3B28221563003CC15A /* Main.storyboard */; };
		13A8FD3F28221564003CC15A /* Assets.xcassets in Resources */ = {isa = PBXBuildFile; fileRef = 13A8FD3E28221564003CC15A /* Assets.xcassets */; };
		13A8FD4228221564003CC15A /* LaunchScreen.storyboard in Resources */ = {isa = PBXBuildFile; fileRef = 13A8FD4028221564003CC15A /* LaunchScreen.storyboard */; };
		13A8FD4528221564003CC15A /* main.m in Sources */ = {isa = PBXBuildFile; fileRef = 13A8FD4428221564003CC15A /* main.m */; };
		13A8FD4F28221564003CC15A /* GuysAppTests.m in Sources */ = {isa = PBXBuildFile; fileRef = 13A8FD4E28221564003CC15A /* GuysAppTests.m */; };
		13A8FD5928221564003CC15A /* GuysAppUITests.m in Sources */ = {isa = PBXBuildFile; fileRef = 13A8FD5828221564003CC15A /* GuysAppUITests.m */; };
		13A8FD5B28221564003CC15A /* GuysAppUITestsLaunchTests.m in Sources */ = {isa = PBXBuildFile; fileRef = 13A8FD5A28221564003CC15A /* GuysAppUITestsLaunchTests.m */; };
/* End PBXBuildFile section */

/* Begin PBXContainerItemProxy section */
		13A8FD4B28221564003CC15A /* PBXContainerItemProxy */ = {
			isa = PBXContainerItemProxy;
			containerPortal = 13A8FD2728221563003CC15A /* Project object */;
			proxyType = 1;
			remoteGlobalIDString = 13A8FD2E28221563003CC15A;
			remoteInfo = GuysApp;
		};
		13A8FD5528221564003CC15A /* PBXContainerItemProxy */ = {
			isa = PBXContainerItemProxy;
			containerPortal = 13A8FD2728221563003CC15A /* Project object */;
			proxyType = 1;
			remoteGlobalIDString = 13A8FD2E28221563003CC15A;
			remoteInfo = GuysApp;
		};
/* End PBXContainerItemProxy section */

/* Begin PBXFileReference section */
		13A8FD2F28221563003CC15A /* GuysApp.app */ = {isa = PBXFileReference; explicitFileType = wrapper.application; includeInIndex = 0; path = GuysApp.app; sourceTree = BUILT_PRODUCTS_DIR; };
		13A8FD3228221563003CC15A /* AppDelegate.h */ = {isa = PBXFileReference; lastKnownFileType = sourcecode.c.h; path = AppDelegate.h; sourceTree = "<group>"; };
		13A8FD3328221563003CC15A /* AppDelegate.m */ = {isa = PBXFileReference; lastKnownFileType = sourcecode.c.objc; path = AppDelegate.m; sourceTree = "<group>"; };
		13A8FD3528221563003CC15A /* SceneDelegate.h */ = {isa = PBXFileReference; lastKnownFileType = sourcecode.c.h; path = SceneDelegate.h; sourceTree = "<group>"; };
		13A8FD3628221563003CC15A /* SceneDelegate.m */ = {isa = PBXFileReference; lastKnownFileType = sourcecode.c.objc; path = SceneDelegate.m; sourceTree = "<group>"; };
		13A8FD3828221563003CC15A /* ViewController.h */ = {isa = PBXFileReference; lastKnownFileType = sourcecode.c.h; path = ViewController.h; sourceTree = "<group>"; };
		13A8FD3928221563003CC15A /* ViewController.m */ = {isa = PBXFileReference; lastKnownFileType = sourcecode.c.objc; path = ViewController.m; sourceTree = "<group>"; };
		13A8FD3C28221563003CC15A /* Base */ = {isa = PBXFileReference; lastKnownFileType = file.storyboard; name = Base; path = Base.lproj/Main.storyboard; sourceTree = "<group>"; };
		13A8FD3E28221564003CC15A /* Assets.xcassets */ = {isa = PBXFileReference; lastKnownFileType = folder.assetcatalog; path = Assets.xcassets; sourceTree = "<group>"; };
		13A8FD4128221564003CC15A /* Base */ = {isa = PBXFileReference; lastKnownFileType = file.storyboard; name = Base; path = Base.lproj/LaunchScreen.storyboard; sourceTree = "<group>"; };
		13A8FD4328221564003CC15A /* Info.plist */ = {isa = PBXFileReference; lastKnownFileType = text.plist.xml; path = Info.plist; sourceTree = "<group>"; };
		13A8FD4428221564003CC15A /* main.m */ = {isa = PBXFileReference; lastKnownFileType = sourcecode.c.objc; path = main.m; sourceTree = "<group>"; };
		13A8FD4A28221564003CC15A /* GuysAppTests.xctest */ = {isa = PBXFileReference; explicitFileType = wrapper.cfbundle; includeInIndex = 0; path = GuysAppTests.xctest; sourceTree = BUILT_PRODUCTS_DIR; };
		13A8FD4E28221564003CC15A /* GuysAppTests.m */ = {isa = PBXFileReference; lastKnownFileType = sourcecode.c.objc; path = GuysAppTests.m; sourceTree = "<group>"; };
		13A8FD5428221564003CC15A /* GuysAppUITests.xctest */ = {isa = PBXFileReference; explicitFileType = wrapper.cfbundle; includeInIndex = 0; path = GuysAppUITests.xctest; sourceTree = BUILT_PRODUCTS_DIR; };
		13A8FD5828221564003CC15A /* GuysAppUITests.m */ = {isa = PBXFileReference; lastKnownFileType = sourcecode.c.objc; path = GuysAppUITests.m; sourceTree = "<group>"; };
		13A8FD5A28221564003CC15A /* GuysAppUITestsLaunchTests.m */ = {isa = PBXFileReference; lastKnownFileType = sourcecode.c.objc; path = GuysAppUITestsLaunchTests.m; sourceTree = "<group>"; };
/* End PBXFileReference section */

/* Begin PBXFrameworksBuildPhase section */
		13A8FD2C28221563003CC15A /* Frameworks */ = {
			isa = PBXFrameworksBuildPhase;
			buildActionMask = 2147483647;
			files = (
			);
			runOnlyForDeploymentPostprocessing = 0;
		};
		13A8FD4728221564003CC15A /* Frameworks */ = {
			isa = PBXFrameworksBuildPhase;
			buildActionMask = 2147483647;
			files = (
			);
			runOnlyForDeploymentPostprocessing = 0;
		};
		13A8FD5128221564003CC15A /* Frameworks */ = {
			isa = PBXFrameworksBuildPhase;
			buildActionMask = 2147483647;
			files = (
			);
			runOnlyForDeploymentPostprocessing = 0;
		};
/* End PBXFrameworksBuildPhase section */

/* Begin PBXGroup section */
		13A8FD2628221563003CC15A = {
			isa = PBXGroup;
			children = (
				13A8FD3128221563003CC15A /* GuysApp */,
				13A8FD4D28221564003CC15A /* GuysAppTests */,
				13A8FD5728221564003CC15A /* GuysAppUITests */,
				13A8FD3028221563003CC15A /* Products */,
			);
			sourceTree = "<group>";
		};
		13A8FD3028221563003CC15A /* Products */ = {
			isa = PBXGroup;
			children = (
				13A8FD2F28221563003CC15A /* GuysApp.app */,
				13A8FD4A28221564003CC15A /* GuysAppTests.xctest */,
				13A8FD5428221564003CC15A /* GuysAppUITests.xctest */,
			);
			name = Products;
			sourceTree = "<group>";
		};
		13A8FD3128221563003CC15A /* GuysApp */ = {
			isa = PBXGroup;
			children = (
				13A8FD3228221563003CC15A /* AppDelegate.h */,
				13A8FD3328221563003CC15A /* AppDelegate.m */,
				13A8FD3528221563003CC15A /* SceneDelegate.h */,
				13A8FD3628221563003CC15A /* SceneDelegate.m */,
				13A8FD3828221563003CC15A /* ViewController.h */,
				13A8FD3928221563003CC15A /* ViewController.m */,
				13A8FD3B28221563003CC15A /* Main.storyboard */,
				13A8FD3E28221564003CC15A /* Assets.xcassets */,
				13A8FD4028221564003CC15A /* LaunchScreen.storyboard */,
				13A8FD4328221564003CC15A /* Info.plist */,
				13A8FD4428221564003CC15A /* main.m */,
			);
			path = GuysApp;
			sourceTree = "<group>";
		};
		13A8FD4D28221564003CC15A /* GuysAppTests */ = {
			isa = PBXGroup;
			children = (
				13A8FD4E28221564003CC15A /* GuysAppTests.m */,
			);
			path = GuysAppTests;
			sourceTree = "<group>";
		};
		13A8FD5728221564003CC15A /* GuysAppUITests */ = {
			isa = PBXGroup;
			children = (
				13A8FD5828221564003CC15A /* GuysAppUITests.m */,
				13A8FD5A28221564003CC15A /* GuysAppUITestsLaunchTests.m */,
			);
			path = GuysAppUITests;
			sourceTree = "<group>";
		};
/* End PBXGroup section */

/* Begin PBXNativeTarget section */
		13A8FD2E28221563003CC15A /* GuysApp */ = {
			isa = PBXNativeTarget;
			buildConfigurationList = 13A8FD5E28221564003CC15A /* Build configuration list for PBXNativeTarget "GuysApp" */;
			buildPhases = (
				13A8FD2B28221563003CC15A /* Sources */,
				13A8FD2C28221563003CC15A /* Frameworks */,
				13A8FD2D28221563003CC15A /* Resources */,
			);
			buildRules = (
			);
			dependencies = (
			);
			name = GuysApp;
			productName = GuysApp;
			productReference = 13A8FD2F28221563003CC15A /* GuysApp.app */;
			productType = "com.apple.product-type.application";
		};
		13A8FD4928221564003CC15A /* GuysAppTests */ = {
			isa = PBXNativeTarget;
			buildConfigurationList = 13A8FD6128221564003CC15A /* Build configuration list for PBXNativeTarget "GuysAppTests" */;
			buildPhases = (
				13A8FD4628221564003CC15A /* Sources */,
				13A8FD4728221564003CC15A /* Frameworks */,
				13A8FD4828221564003CC15A /* Resources */,
			);
			buildRules = (
			);
			dependencies = (
				13A8FD4C28221564003CC15A /* PBXTargetDependency */,
			);
			name = GuysAppTests;
			productName = GuysAppTests;
			productReference = 13A8FD4A28221564003CC15A /* GuysAppTests.xctest */;
			productType = "com.apple.product-type.bundle.unit-test";
		};
		13A8FD5328221564003CC15A /* GuysAppUITests */ = {
			isa = PBXNativeTarget;
			buildConfigurationList = 13A8FD6428221564003CC15A /* Build configuration list for PBXNativeTarget "GuysAppUITests" */;
			buildPhases = (
				13A8FD5028221564003CC15A /* Sources */,
				13A8FD5128221564003CC15A /* Frameworks */,
				13A8FD5228221564003CC15A /* Resources */,
			);
			buildRules = (
			);
			dependencies = (
				13A8FD5628221564003CC15A /* PBXTargetDependency */,
			);
			name = GuysAppUITests;
			productName = GuysAppUITests;
			productReference = 13A8FD5428221564003CC15A /* GuysAppUITests.xctest */;
			productType = "com.apple.product-type.bundle.ui-testing";
		};
/* End PBXNativeTarget section */

/* Begin PBXProject section */
		13A8FD2728221563003CC15A /* Project object */ = {
			isa = PBXProject;
			attributes = {
				BuildIndependentTargetsInParallel = 1;
				LastUpgradeCheck = 1330;
				TargetAttributes = {
					13A8FD2E28221563003CC15A = {
						CreatedOnToolsVersion = 13.3.1;
					};
					13A8FD4928221564003CC15A = {
						CreatedOnToolsVersion = 13.3.1;
						TestTargetID = 13A8FD2E28221563003CC15A;
					};
					13A8FD5328221564003CC15A = {
						CreatedOnToolsVersion = 13.3.1;
						TestTargetID = 13A8FD2E28221563003CC15A;
					};
				};
			};
			buildConfigurationList = 13A8FD2A28221563003CC15A /* Build configuration list for PBXProject "GuysApp" */;
			compatibilityVersion = "Xcode 13.0";
			developmentRegion = en;
			hasScannedForEncodings = 0;
			knownRegions = (
				en,
				Base,
			);
			mainGroup = 13A8FD2628221563003CC15A;
			productRefGroup = 13A8FD3028221563003CC15A /* Products */;
			projectDirPath = "";
			projectRoot = "";
			targets = (
				13A8FD2E28221563003CC15A /* GuysApp */,
				13A8FD4928221564003CC15A /* GuysAppTests */,
				13A8FD5328221564003CC15A /* GuysAppUITests */,
			);
		};
/* End PBXProject section */

/* Begin PBXResourcesBuildPhase section */
		13A8FD2D28221563003CC15A /* Resources */ = {
			isa = PBXResourcesBuildPhase;
			buildActionMask = 2147483647;
			files = (
				13A8FD4228221564003CC15A /* LaunchScreen.storyboard in Resources */,
				13A8FD3F28221564003CC15A /* Assets.xcassets in Resources */,
				13A8FD3D28221563003CC15A /* Main.storyboard in Resources */,
			);
			runOnlyForDeploymentPostprocessing = 0;
		};
		13A8FD4828221564003CC15A /* Resources */ = {
			isa = PBXResourcesBuildPhase;
			buildActionMask = 2147483647;
			files = (
			);
			runOnlyForDeploymentPostprocessing = 0;
		};
		13A8FD5228221564003CC15A /* Resources */ = {
			isa = PBXResourcesBuildPhase;
			buildActionMask = 2147483647;
			files = (
			);
			runOnlyForDeploymentPostprocessing = 0;
		};
/* End PBXResourcesBuildPhase section */

/* Begin PBXSourcesBuildPhase section */
		13A8FD2B28221563003CC15A /* Sources */ = {
			isa = PBXSourcesBuildPhase;
			buildActionMask = 2147483647;
			files = (
				13A8FD3A28221563003CC15A /* ViewController.m in Sources */,
				13A8FD3428221563003CC15A /* AppDelegate.m in Sources */,
				13A8FD4528221564003CC15A /* main.m in Sources */,
				13A8FD3728221563003CC15A /* SceneDelegate.m in Sources */,
			);
			runOnlyForDeploymentPostprocessing = 0;
		};
		13A8FD4628221564003CC15A /* Sources */ = {
			isa = PBXSourcesBuildPhase;
			buildActionMask = 2147483647;
			files = (
				13A8FD4F28221564003CC15A /* GuysAppTests.m in Sources */,
			);
			runOnlyForDeploymentPostprocessing = 0;
		};
		13A8FD5028221564003CC15A /* Sources */ = {
			isa = PBXSourcesBuildPhase;
			buildActionMask = 2147483647;
			files = (
				13A8FD5B28221564003CC15A /* GuysAppUITestsLaunchTests.m in Sources */,
				13A8FD5928221564003CC15A /* GuysAppUITests.m in Sources */,
			);
			runOnlyForDeploymentPostprocessing = 0;
		};
/* End PBXSourcesBuildPhase section */

/* Begin PBXTargetDependency section */
		13A8FD4C28221564003CC15A /* PBXTargetDependency */ = {
			isa = PBXTargetDependency;
			target = 13A8FD2E28221563003CC15A /* GuysApp */;
			targetProxy = 13A8FD4B28221564003CC15A /* PBXContainerItemProxy */;
		};
		13A8FD5628221564003CC15A /* PBXTargetDependency */ = {
			isa = PBXTargetDependency;
			target = 13A8FD2E28221563003CC15A /* GuysApp */;
			targetProxy = 13A8FD5528221564003CC15A /* PBXContainerItemProxy */;
		};
/* End PBXTargetDependency section */

/* Begin PBXVariantGroup section */
		13A8FD3B28221563003CC15A /* Main.storyboard */ = {
			isa = PBXVariantGroup;
			children = (
				13A8FD3C28221563003CC15A /* Base */,
			);
			name = Main.storyboard;
			sourceTree = "<group>";
		};
		13A8FD4028221564003CC15A /* LaunchScreen.storyboard */ = {
			isa = PBXVariantGroup;
			children = (
				13A8FD4128221564003CC15A /* Base */,
			);
			name = LaunchScreen.storyboard;
			sourceTree = "<group>";
		};
/* End PBXVariantGroup section */

/* Begin XCBuildConfiguration section */
		13A8FD5C28221564003CC15A /* Debug */ = {
			isa = XCBuildConfiguration;
			buildSettings = {
				ALWAYS_SEARCH_USER_PATHS = NO;
				CLANG_ANALYZER_NONNULL = YES;
				CLANG_ANALYZER_NUMBER_OBJECT_CONVERSION = YES_AGGRESSIVE;
				CLANG_CXX_LANGUAGE_STANDARD = "gnu++17";
				CLANG_ENABLE_MODULES = YES;
				CLANG_ENABLE_OBJC_ARC = YES;
				CLANG_ENABLE_OBJC_WEAK = YES;
				CLANG_WARN_BLOCK_CAPTURE_AUTORELEASING = YES;
				CLANG_WARN_BOOL_CONVERSION = YES;
				CLANG_WARN_COMMA = YES;
				CLANG_WARN_CONSTANT_CONVERSION = YES;
				CLANG_WARN_DEPRECATED_OBJC_IMPLEMENTATIONS = YES;
				CLANG_WARN_DIRECT_OBJC_ISA_USAGE = YES_ERROR;
				CLANG_WARN_DOCUMENTATION_COMMENTS = YES;
				CLANG_WARN_EMPTY_BODY = YES;
				CLANG_WARN_ENUM_CONVERSION = YES;
				CLANG_WARN_INFINITE_RECURSION = YES;
				CLANG_WARN_INT_CONVERSION = YES;
				CLANG_WARN_NON_LITERAL_NULL_CONVERSION = YES;
				CLANG_WARN_OBJC_IMPLICIT_RETAIN_SELF = YES;
				CLANG_WARN_OBJC_LITERAL_CONVERSION = YES;
				CLANG_WARN_OBJC_ROOT_CLASS = YES_ERROR;
				CLANG_WARN_QUOTED_INCLUDE_IN_FRAMEWORK_HEADER = YES;
				CLANG_WARN_RANGE_LOOP_ANALYSIS = YES;
				CLANG_WARN_STRICT_PROTOTYPES = YES;
				CLANG_WARN_SUSPICIOUS_MOVE = YES;
				CLANG_WARN_UNGUARDED_AVAILABILITY = YES_AGGRESSIVE;
				CLANG_WARN_UNREACHABLE_CODE = YES;
				CLANG_WARN__DUPLICATE_METHOD_MATCH = YES;
				COPY_PHASE_STRIP = NO;
				DEBUG_INFORMATION_FORMAT = dwarf;
				ENABLE_STRICT_OBJC_MSGSEND = YES;
				ENABLE_TESTABILITY = YES;
				GCC_C_LANGUAGE_STANDARD = gnu11;
				GCC_DYNAMIC_NO_PIC = NO;
				GCC_NO_COMMON_BLOCKS = YES;
				GCC_OPTIMIZATION_LEVEL = 0;
				GCC_PREPROCESSOR_DEFINITIONS = (
					"DEBUG=1",
					"$(inherited)",
				);
				GCC_WARN_64_TO_32_BIT_CONVERSION = YES;
				GCC_WARN_ABOUT_RETURN_TYPE = YES_ERROR;
				GCC_WARN_UNDECLARED_SELECTOR = YES;
				GCC_WARN_UNINITIALIZED_AUTOS = YES_AGGRESSIVE;
				GCC_WARN_UNUSED_FUNCTION = YES;
				GCC_WARN_UNUSED_VARIABLE = YES;
				IPHONEOS_DEPLOYMENT_TARGET = 15.4;
				MTL_ENABLE_DEBUG_INFO = INCLUDE_SOURCE;
				MTL_FAST_MATH = YES;
				ONLY_ACTIVE_ARCH = YES;
				SDKROOT = iphoneos;
			};
			name = Debug;
		};
		13A8FD5D28221564003CC15A /* Release */ = {
			isa = XCBuildConfiguration;
			buildSettings = {
				ALWAYS_SEARCH_USER_PATHS = NO;
				CLANG_ANALYZER_NONNULL = YES;
				CLANG_ANALYZER_NUMBER_OBJECT_CONVERSION = YES_AGGRESSIVE;
				CLANG_CXX_LANGUAGE_STANDARD = "gnu++17";
				CLANG_ENABLE_MODULES = YES;
				CLANG_ENABLE_OBJC_ARC = YES;
				CLANG_ENABLE_OBJC_WEAK = YES;
				CLANG_WARN_BLOCK_CAPTURE_AUTORELEASING = YES;
				CLANG_WARN_BOOL_CONVERSION = YES;
				CLANG_WARN_COMMA = YES;
				CLANG_WARN_CONSTANT_CONVERSION = YES;
				CLANG_WARN_DEPRECATED_OBJC_IMPLEMENTATIONS = YES;
				CLANG_WARN_DIRECT_OBJC_ISA_USAGE = YES_ERROR;
				CLANG_WARN_DOCUMENTATION_COMMENTS = YES;
				CLANG_WARN_EMPTY_BODY = YES;
				CLANG_WARN_ENUM_CONVERSION = YES;
				CLANG_WARN_INFINITE_RECURSION = YES;
				CLANG_WARN_INT_CONVERSION = YES;
				CLANG_WARN_NON_LITERAL_NULL_CONVERSION = YES;
				CLANG_WARN_OBJC_IMPLICIT_RETAIN_SELF = YES;
				CLANG_WARN_OBJC_LITERAL_CONVERSION = YES;
				CLANG_WARN_OBJC_ROOT_CLASS = YES_ERROR;
				CLANG_WARN_QUOTED_INCLUDE_IN_FRAMEWORK_HEADER = YES;
				CLANG_WARN_RANGE_LOOP_ANALYSIS = YES;
				CLANG_WARN_STRICT_PROTOTYPES = YES;
				CLANG_WARN_SUSPICIOUS_MOVE = YES;
				CLANG_WARN_UNGUARDED_AVAILABILITY = YES_AGGRESSIVE;
				CLANG_WARN_UNREACHABLE_CODE = YES;
				CLANG_WARN__DUPLICATE_METHOD_MATCH = YES;
				COPY_PHASE_STRIP = NO;
				DEBUG_INFORMATION_FORMAT = "dwarf-with-dsym";
				ENABLE_NS_ASSERTIONS = NO;
				ENABLE_STRICT_OBJC_MSGSEND = YES;
				GCC_C_LANGUAGE_STANDARD = gnu11;
				GCC_NO_COMMON_BLOCKS = YES;
				GCC_WARN_64_TO_32_BIT_CONVERSION = YES;
				GCC_WARN_ABOUT_RETURN_TYPE = YES_ERROR;
				GCC_WARN_UNDECLARED_SELECTOR = YES;
				GCC_WARN_UNINITIALIZED_AUTOS = YES_AGGRESSIVE;
				GCC_WARN_UNUSED_FUNCTION = YES;
				GCC_WARN_UNUSED_VARIABLE = YES;
				IPHONEOS_DEPLOYMENT_TARGET = 15.4;
				MTL_ENABLE_DEBUG_INFO = NO;
				MTL_FAST_MATH = YES;
				SDKROOT = iphoneos;
				VALIDATE_PRODUCT = YES;
			};
			name = Release;
		};
		13A8FD5F28221564003CC15A /* Debug */ = {
			isa = XCBuildConfiguration;
			buildSettings = {
				ASSETCATALOG_COMPILER_APPICON_NAME = AppIcon;
				ASSETCATALOG_COMPILER_GLOBAL_ACCENT_COLOR_NAME = AccentColor;
				CODE_SIGN_STYLE = Automatic;
				CURRENT_PROJECT_VERSION = 1;
				DEVELOPMENT_TEAM = SN9GWJ73D9;
				GENERATE_INFOPLIST_FILE = YES;
				INFOPLIST_FILE = GuysApp/Info.plist;
				INFOPLIST_KEY_UIApplicationSupportsIndirectInputEvents = YES;
				INFOPLIST_KEY_UILaunchStoryboardName = LaunchScreen;
				INFOPLIST_KEY_UIMainStoryboardFile = Main;
				INFOPLIST_KEY_UISupportedInterfaceOrientations_iPad = "UIInterfaceOrientationPortrait UIInterfaceOrientationPortraitUpsideDown UIInterfaceOrientationLandscapeLeft UIInterfaceOrientationLandscapeRight";
				INFOPLIST_KEY_UISupportedInterfaceOrientations_iPhone = "UIInterfaceOrientationPortrait UIInterfaceOrientationLandscapeLeft UIInterfaceOrientationLandscapeRight";
				LD_RUNPATH_SEARCH_PATHS = (
					"$(inherited)",
					"@executable_path/Frameworks",
				);
				MARKETING_VERSION = 1.0;
				PRODUCT_BUNDLE_IDENTIFIER = SBCODE.GuysApp;
				PRODUCT_NAME = "$(TARGET_NAME)";
				SWIFT_EMIT_LOC_STRINGS = YES;
				TARGETED_DEVICE_FAMILY = "1,2";
			};
			name = Debug;
		};
		13A8FD6028221564003CC15A /* Release */ = {
			isa = XCBuildConfiguration;
			buildSettings = {
				ASSETCATALOG_COMPILER_APPICON_NAME = AppIcon;
				ASSETCATALOG_COMPILER_GLOBAL_ACCENT_COLOR_NAME = AccentColor;
				CODE_SIGN_STYLE = Automatic;
				CURRENT_PROJECT_VERSION = 1;
				DEVELOPMENT_TEAM = SN9GWJ73D9;
				GENERATE_INFOPLIST_FILE = YES;
				INFOPLIST_FILE = GuysApp/Info.plist;
				INFOPLIST_KEY_UIApplicationSupportsIndirectInputEvents = YES;
				INFOPLIST_KEY_UILaunchStoryboardName = LaunchScreen;
				INFOPLIST_KEY_UIMainStoryboardFile = Main;
				INFOPLIST_KEY_UISupportedInterfaceOrientations_iPad = "UIInterfaceOrientationPortrait UIInterfaceOrientationPortraitUpsideDown UIInterfaceOrientationLandscapeLeft UIInterfaceOrientationLandscapeRight";
				INFOPLIST_KEY_UISupportedInterfaceOrientations_iPhone = "UIInterfaceOrientationPortrait UIInterfaceOrientationLandscapeLeft UIInterfaceOrientationLandscapeRight";
				LD_RUNPATH_SEARCH_PATHS = (
					"$(inherited)",
					"@executable_path/Frameworks",
				);
				MARKETING_VERSION = 1.0;
				PRODUCT_BUNDLE_IDENTIFIER = SBCODE.GuysApp;
				PRODUCT_NAME = "$(TARGET_NAME)";
				SWIFT_EMIT_LOC_STRINGS = YES;
				TARGETED_DEVICE_FAMILY = "1,2";
			};
			name = Release;
		};
		13A8FD6228221564003CC15A /* Debug */ = {
			isa = XCBuildConfiguration;
			buildSettings = {
				BUNDLE_LOADER = "$(TEST_HOST)";
				CODE_SIGN_STYLE = Automatic;
				CURRENT_PROJECT_VERSION = 1;
				DEVELOPMENT_TEAM = SN9GWJ73D9;
				GENERATE_INFOPLIST_FILE = YES;
				IPHONEOS_DEPLOYMENT_TARGET = 15.4;
				MARKETING_VERSION = 1.0;
				PRODUCT_BUNDLE_IDENTIFIER = SBCODE.GuysAppTests;
				PRODUCT_NAME = "$(TARGET_NAME)";
				SWIFT_EMIT_LOC_STRINGS = NO;
				TARGETED_DEVICE_FAMILY = "1,2";
				TEST_HOST = "$(BUILT_PRODUCTS_DIR)/GuysApp.app/GuysApp";
			};
			name = Debug;
		};
		13A8FD6328221564003CC15A /* Release */ = {
			isa = XCBuildConfiguration;
			buildSettings = {
				BUNDLE_LOADER = "$(TEST_HOST)";
				CODE_SIGN_STYLE = Automatic;
				CURRENT_PROJECT_VERSION = 1;
				DEVELOPMENT_TEAM = SN9GWJ73D9;
				GENERATE_INFOPLIST_FILE = YES;
				IPHONEOS_DEPLOYMENT_TARGET = 15.4;
				MARKETING_VERSION = 1.0;
				PRODUCT_BUNDLE_IDENTIFIER = SBCODE.GuysAppTests;
				PRODUCT_NAME = "$(TARGET_NAME)";
				SWIFT_EMIT_LOC_STRINGS = NO;
				TARGETED_DEVICE_FAMILY = "1,2";
				TEST_HOST = "$(BUILT_PRODUCTS_DIR)/GuysApp.app/GuysApp";
			};
			name = Release;
		};
		13A8FD6528221564003CC15A /* Debug */ = {
			isa = XCBuildConfiguration;
			buildSettings = {
				CODE_SIGN_STYLE = Automatic;
				CURRENT_PROJECT_VERSION = 1;
				DEVELOPMENT_TEAM = SN9GWJ73D9;
				GENERATE_INFOPLIST_FILE = YES;
				MARKETING_VERSION = 1.0;
				PRODUCT_BUNDLE_IDENTIFIER = SBCODE.GuysAppUITests;
				PRODUCT_NAME = "$(TARGET_NAME)";
				SWIFT_EMIT_LOC_STRINGS = NO;
				TARGETED_DEVICE_FAMILY = "1,2";
				TEST_TARGET_NAME = GuysApp;
			};
			name = Debug;
		};
		13A8FD6628221564003CC15A /* Release */ = {
			isa = XCBuildConfiguration;
			buildSettings = {
				CODE_SIGN_STYLE = Automatic;
				CURRENT_PROJECT_VERSION = 1;
				DEVELOPMENT_TEAM = SN9GWJ73D9;
				GENERATE_INFOPLIST_FILE = YES;
				MARKETING_VERSION = 1.0;
				PRODUCT_BUNDLE_IDENTIFIER = SBCODE.GuysAppUITests;
				PRODUCT_NAME = "$(TARGET_NAME)";
				SWIFT_EMIT_LOC_STRINGS = NO;
				TARGETED_DEVICE_FAMILY = "1,2";
				TEST_TARGET_NAME = GuysApp;
			};
			name = Release;
		};
/* End XCBuildConfiguration section */

/* Begin XCConfigurationList section */
		13A8FD2A28221563003CC15A /* Build configuration list for PBXProject "GuysApp" */ = {
			isa = XCConfigurationList;
			buildConfigurations = (
				13A8FD5C28221564003CC15A /* Debug */,
				13A8FD5D28221564003CC15A /* Release */,
			);
			defaultConfigurationIsVisible = 0;
			defaultConfigurationName = Release;
		};
		13A8FD5E28221564003CC15A /* Build configuration list for PBXNativeTarget "GuysApp" */ = {
			isa = XCConfigurationList;
			buildConfigurations = (
				13A8FD5F28221564003CC15A /* Debug */,
				13A8FD6028221564003CC15A /* Release */,
			);
			defaultConfigurationIsVisible = 0;
			defaultConfigurationName = Release;
		};
		13A8FD6128221564003CC15A /* Build configuration list for PBXNativeTarget "GuysAppTests" */ = {
			isa = XCConfigurationList;
			buildConfigurations = (
				13A8FD6228221564003CC15A /* Debug */,
				13A8FD6328221564003CC15A /* Release */,
			);
			defaultConfigurationIsVisible = 0;
			defaultConfigurationName = Release;
		};
		13A8FD6428221564003CC15A /* Build configuration list for PBXNativeTarget "GuysAppUITests" */ = {
			isa = XCConfigurationList;
			buildConfigurations = (
				13A8FD6528221564003CC15A /* Debug */,
				13A8FD6628221564003CC15A /* Release */,
			);
			defaultConfigurationIsVisible = 0;
			defaultConfigurationName = Release;
		};
/* End XCConfigurationList section */
	};
	rootObject = 13A8FD2728221563003CC15A /* Project object */;
}
